version = 1
revision = 3
requires-python = "==3.13.*"

[[package]]
name = "agent-sash"
version = "0.1.0"
source = { editable = "." }
dependencies = [
    { name = "httpx" },
    { name = "mlx-lm", marker = "sys_platform == 'darwin'" },
]

[package.dev-dependencies]
dev = [
    { name = "pytest" },
]

[package.metadata]
requires-dist = [
    { name = "httpx", specifier = ">=0.28.1" },
    { name = "mlx-lm", marker = "sys_platform == 'darwin'", specifier = ">=0.31.0" },
]

[package.metadata.requires-dev]
dev = [{ name = "pytest", specifier = ">=8.4.2" }]

[[package]]
name = "annotated-doc"
version = "0.0.4"
source = { registry = "https://pypi.org/simple" }
sdist = { url = "https://files.pythonhosted.org/packages/57/ba/046ceea27344560984e26a590f90bc7f4a75b06701f653222458922b558c/annotated_doc-0.0.4.tar.gz", hash = "sha256:fbcda96e87e9c92ad167c2e53839e57503ecfda18804ea28102353485033faa4", size = 7288, upload-time = "2025-11-10T22:07:42.062Z" }
wheels = [
    { url = "https://files.pythonhosted.org/packages/1e/d3/26bf1008eb3d2daa8ef4cacc7f3bfdc11818d111f7e2d0201bc6e3b49d45/annotated_doc-0.0.4-py3-none-any.whl", hash = "sha256:571ac1dc6991c450b25a9c2d84a3705e2ae7a53467b5d111c24fa8baabbed320", size = 5303, upload-time = "2025-11-10T22:07:40.673Z" },
]

[[package]]
name = "anyio"
version = "4.12.1"
source = { registry = "https://pypi.org/simple" }
dependencies = [
    { name = "idna" },
]
sdist = { url = "https://files.pythonhosted.org/packages/96/f0/5eb65b2bb0d09ac6776f2eb54adee6abe8228ea05b20a5ad0e4945de8aac/anyio-4.12.1.tar.gz", hash = "sha256:41cfcc3a4c85d3f05c932da7c26d0201ac36f72abd4435ba90d0464a3ffed703", size = 228685, upload-time = "2026-01-06T11:45:21.246Z" }
wheels = [
    { url = "https://files.pythonhosted.org/packages/38/0e/27be9fdef66e72d64c0cdc3cc2823101b80585f8119b5c112c2e8f5f7dab/anyio-4.12.1-py3-none-any.whl", hash = "sha256:d405828884fc140aa80a3c667b8beed277f1dfedec42ba031bd6ac3db606ab6c", size = 113592, upload-time = "2026-01-06T11:45:19.497Z" },
]

[[package]]
name = "certifi"
version = "2026.2.25"
source = { registry = "https://pypi.org/simple" }
sdist = { url = "https://files.pythonhosted.org/packages/af/2d/7bf41579a8986e348fa033a31cdd0e4121114f6bce2457e8876010b092dd/certifi-2026.2.25.tar.gz", hash = "sha256:e887ab5cee78ea814d3472169153c2d12cd43b14bd03329a39a9c6e2e80bfba7", size = 155029, upload-time = "2026-02-25T02:54:17.342Z" }
wheels = [
    { url = "https://files.pythonhosted.org/packages/9a/3c/c17fb3ca2d9c3acff52e30b309f538586f9f5b9c9cf454f3845fc9af4881/certifi-2026.2.25-py3-none-any.whl", hash = "sha256:027692e4402ad994f1c42e52a4997a9763c646b73e4096e4d5d6db8af1d6f0fa", size = 153684, upload-time = "2026-02-25T02:54:15.766Z" },
]

[[package]]
name = "click"
version = "8.3.1"
source = { registry = "https://pypi.org/simple" }
dependencies = [
    { name = "colorama", marker = "sys_platform == 'win32'" },
]
sdist = { url = "https://files.pythonhosted.org/packages/3d/fa/656b739db8587d7b5dfa22e22ed02566950fbfbcdc20311993483657a5c0/click-8.3.1.tar.gz", hash = "sha256:12ff4785d337a1bb490bb7e9c2b1ee5da3112e94a8622f26a6c77f5d2fc6842a", size = 295065, upload-time = "2025-11-15T20:45:42.706Z" }
wheels = [
    { url = "https://files.pythonhosted.org/packages/98/78/01c019cdb5d6498122777c1a43056ebb3ebfeef2076d9d026bfe15583b2b/click-8.3.1-py3-none-any.whl", hash = "sha256:981153a64e25f12d547d3426c367a4857371575ee7ad18df2a6183ab0545b2a6", size = 108274, upload-time = "2025-11-15T20:45:41.139Z" },
]

[[package]]
name = "colorama"
version = "0.4.6"
source = { registry = "https://pypi.org/simple" }
sdist = { url = "https://files.pythonhosted.org/packages/d8/53/6f443c9a4a8358a93a6792e2acffb9d9d5cb0a5cfd8802644b7b1c9a02e4/colorama-0.4.6.tar.gz", hash = "sha256:08695f5cb7ed6e0531a20572697297273c47b8cae5a63ffc6d6ed5c201be6e44", size = 27697, upload-time = "2022-10-25T02:36:22.414Z" }
wheels = [
    { url = "https://files.pythonhosted.org/packages/d1/d6/3965ed04c63042e047cb6a3e6ed1a63a35087b6a609aa3a15ed8ac56c221/colorama-0.4.6-py2.py3-none-any.whl", hash = "sha256:4f1d9991f5acc0ca119f9d443620b77f9d6b33703e51011c16baf57afb285fc6", size = 25335, upload-time = "2022-10-25T02:36:20.889Z" },
]

[[package]]
name = "filelock"
version = "3.25.1"
source = { registry = "https://pypi.org/simple" }
sdist = { url = "https://files.pythonhosted.org/packages/b3/8b/4c32ecde6bea6486a2a5d05340e695174351ff6b06cf651a74c005f9df00/filelock-3.25.1.tar.gz", hash = "sha256:b9a2e977f794ef94d77cdf7d27129ac648a61f585bff3ca24630c1629f701aa9", size = 40319, upload-time = "2026-03-09T19:38:47.309Z" }
wheels = [
    { url = "https://files.pythonhosted.org/packages/a9/b8/2f664b56a3b4b32d28d3d106c71783073f712ba43ff6d34b9ea0ce36dc7b/filelock-3.25.1-py3-none-any.whl", hash = "sha256:18972df45473c4aa2c7921b609ee9ca4925910cc3a0fb226c96b92fc224ef7bf", size = 26720, upload-time = "2026-03-09T19:38:45.718Z" },
]

[[package]]
name = "fsspec"
version = "2026.2.0"
source = { registry = "https://pypi.org/simple" }
sdist = { url = "https://files.pythonhosted.org/packages/51/7c/f60c259dcbf4f0c47cc4ddb8f7720d2dcdc8888c8e5ad84c73ea4531cc5b/fsspec-2026.2.0.tar.gz", hash = "sha256:6544e34b16869f5aacd5b90bdf1a71acb37792ea3ddf6125ee69a22a53fb8bff", size = 313441, upload-time = "2026-02-05T21:50:53.743Z" }
wheels = [
    { url = "https://files.pythonhosted.org/packages/e6/ab/fb21f4c939bb440104cc2b396d3be1d9b7a9fd3c6c2a53d98c45b3d7c954/fsspec-2026.2.0-py3-none-any.whl", hash = "sha256:98de475b5cb3bd66bedd5c4679e87b4fdfe1a3bf4d707b151b3c07e58c9a2437", size = 202505, upload-time = "2026-02-05T21:50:51.819Z" },
]

[[package]]
name = "h11"
version = "0.16.0"
source = { registry = "https://pypi.org/simple" }
sdist = { url = "https://files.pythonhosted.org/packages/01/ee/02a2c011bdab74c6fb3c75474d40b3052059d95df7e73351460c8588d963/h11-0.16.0.tar.gz", hash = "sha256:4e35b956cf45792e4caa5885e69fba00bdbc6ffafbfa020300e549b208ee5ff1", size = 101250, upload-time = "2025-04-24T03:35:25.427Z" }
wheels = [
    { url = "https://files.pythonhosted.org/packages/04/4b/29cac41a4d98d144bf5f6d33995617b185d14b22401f75ca86f384e87ff1/h11-0.16.0-py3-none-any.whl", hash = "sha256:63cf8bbe7522de3bf65932fda1d9c2772064ffb3dae62d55932da54b31cb6c86", size = 37515, upload-time = "2025-04-24T03:35:24.344Z" },
]

[[package]]
name = "hf-xet"
version = "1.3.2"
source = { registry = "https://pypi.org/simple" }
sdist = { url = "https://files.pythonhosted.org/packages/8b/cb/9bb543bd987ffa1ee48202cc96a756951b734b79a542335c566148ade36c/hf_xet-1.3.2.tar.gz", hash = "sha256:e130ee08984783d12717444e538587fa2119385e5bd8fc2bb9f930419b73a7af", size = 643646, upload-time = "2026-02-27T17:26:08.051Z" }
wheels = [
    { url = "https://files.pythonhosted.org/packages/49/75/462285971954269432aad2e7938c5c7ff9ec7d60129cec542ab37121e3d6/hf_xet-1.3.2-cp313-cp313t-macosx_10_12_x86_64.whl", hash = "sha256:335a8f36c55fd35a92d0062f4e9201b4015057e62747b7e7001ffb203c0ee1d2", size = 3761019, upload-time = "2026-02-27T17:25:49.441Z" },
    { url = "https://files.pythonhosted.org/packages/35/56/987b0537ddaf88e17192ea09afa8eca853e55f39a4721578be436f8409df/hf_xet-1.3.2-cp313-cp313t-macosx_11_0_arm64.whl", hash = "sha256:c1ae4d3a716afc774e66922f3cac8206bfa707db13f6a7e62dfff74bfc95c9a8", size = 3521565, upload-time = "2026-02-27T17:25:47.469Z" },
    { url = "https://files.pythonhosted.org/packages/d8/28/dbb024e2e3907f6f3052847ca7d1a2f7a3972fafcd53ff79018977fcb3e4/hf_xet-1.3.2-cp37-abi3-macosx_10_12_x86_64.whl", hash = "sha256:f93b7595f1d8fefddfede775c18b5c9256757824f7f6832930b49858483cd56f", size = 3763961, upload-time = "2026-02-27T17:25:52.537Z" },
    { url = "https://files.pythonhosted.org/packages/e4/71/b99aed3823c9d1795e4865cf437d651097356a3f38c7d5877e4ac544b8e4/hf_xet-1.3.2-cp37-abi3-macosx_11_0_arm64.whl", hash = "sha256:a85d3d43743174393afe27835bde0cd146e652b5fcfdbcd624602daef2ef3259", size = 3526171, upload-time = "2026-02-27T17:25:50.968Z" },
]

[[package]]
name = "httpcore"
version = "1.0.9"
source = { registry = "https://pypi.org/simple" }
dependencies = [
    { name = "certifi" },
    { name = "h11" },
]
sdist = { url = "https://files.pythonhosted.org/packages/06/94/82699a10bca87a5556c9c59b5963f2d039dbd239f25bc2a63907a05a14cb/httpcore-1.0.9.tar.gz", hash = "sha256:6e34463af53fd2ab5d807f399a9b45ea31c3dfa2276f15a2c3f00afff6e176e8", size = 85484, upload-time = "2025-04-24T22:06:22.219Z" }
wheels = [
    { url = "https://files.pythonhosted.org/packages/7e/f5/f66802a942d491edb555dd61e3a9961140fd64c90bce1eafd741609d334d/httpcore-1.0.9-py3-none-any.whl", hash = "sha256:2d400746a40668fc9dec9810239072b40b4484b640a8c38fd654a024c7a1bf55", size = 78784, upload-time = "2025-04-24T22:06:20.566Z" },
]

[[package]]
name = "httpx"
version = "0.28.1"
source = { registry = "https://pypi.org/simple" }
dependencies = [
    { name = "anyio" },
    { name = "certifi" },
    { name = "httpcore" },
    { name = "idna" },
]
sdist = { url = "https://files.pythonhosted.org/packages/b1/df/48c586a5fe32a0f01324ee087459e112ebb7224f646c0b5023f5e79e9956/httpx-0.28.1.tar.gz", hash = "sha256:75e98c5f16b0f35b567856f597f06ff2270a374470a5c2392242528e3e3e42fc", size = 141406, upload-time = "2024-12-06T15:37:23.222Z" }
wheels = [
    { url = "https://files.pythonhosted.org/packages/2a/39/e50c7c3a983047577ee07d2a9e53faf5a69493943ec3f6a384bdc792deb2/httpx-0.28.1-py3-none-any.whl", hash = "sha256:d909fcccc110f8c7faf814ca82a9a4d816bc5a6dbfea25d6591d6985b8ba59ad", size = 73517, upload-time = "2024-12-06T15:37:21.509Z" },
]

[[package]]
name = "huggingface-hub"
version = "1.6.0"
source = { registry = "https://pypi.org/simple" }
dependencies = [
    { name = "filelock" },
    { name = "fsspec" },
    { name = "hf-xet", marker = "platform_machine == 'AMD64' or platform_machine == 'aarch64' or platform_machine == 'amd64' or platform_machine == 'arm64' or platform_machine == 'x86_64'" },
    { name = "httpx" },
    { name = "packaging" },
    { name = "pyyaml" },
    { name = "tqdm" },
    { name = "typer" },
    { name = "typing-extensions" },
]
sdist = { url = "https://files.pythonhosted.org/packages/d5/7a/304cec37112382c4fe29a43bcb0d5891f922785d18745883d2aa4eb74e4b/huggingface_hub-1.6.0.tar.gz", hash = "sha256:d931ddad8ba8dfc1e816bf254810eb6f38e5c32f60d4184b5885662a3b167325", size = 717071, upload-time = "2026-03-06T14:19:18.524Z" }
wheels = [
    { url = "https://files.pythonhosted.org/packages/92/e3/e3a44f54c8e2f28983fcf07f13d4260b37bd6a0d3a081041bc60b91d230e/huggingface_hub-1.6.0-py3-none-any.whl", hash = "sha256:ef40e2d5cb85e48b2c067020fa5142168342d5108a1b267478ed384ecbf18961", size = 612874, upload-time = "2026-03-06T14:19:16.844Z" },
]

[[package]]
name = "idna"
version = "3.11"
source = { registry = "https://pypi.org/simple" }
sdist = { url = "https://files.pythonhosted.org/packages/6f/6d/0703ccc57f3a7233505399edb88de3cbd678da106337b9fcde432b65ed60/idna-3.11.tar.gz", hash = "sha256:795dafcc9c04ed0c1fb032c2aa73654d8e8c5023a7df64a53f39190ada629902", size = 194582, upload-time = "2025-10-12T14:55:20.501Z" }
wheels = [
    { url = "https://files.pythonhosted.org/packages/0e/61/66938bbb5fc52dbdf84594873d5b51fb1f7c7794e9c0f5bd885f30bc507b/idna-3.11-py3-none-any.whl", hash = "sha256:771a87f49d9defaf64091e6e6fe9c18d4833f140bd19464795bc32d966ca37ea", size = 71008, upload-time = "2025-10-12T14:55:18.883Z" },
]

[[package]]
name = "iniconfig"
version = "2.3.0"
source = { registry = "https://pypi.org/simple" }
sdist = { url = "https://files.pythonhosted.org/packages/72/34/14ca021ce8e5dfedc35312d08ba8bf51fdd999c576889fc2c24cb97f4f10/iniconfig-2.3.0.tar.gz", hash = "sha256:c76315c77db068650d49c5b56314774a7804df16fee4402c1f19d6d15d8c4730", size = 20503, upload-time = "2025-10-18T21:55:43.219Z" }
wheels = [
    { url = "https://files.pythonhosted.org/packages/cb/b1/3846dd7f199d53cb17f49cba7e651e9ce294d8497c8c150530ed11865bb8/iniconfig-2.3.0-py3-none-any.whl", hash = "sha256:f631c04d2c48c52b84d0d0549c99ff3859c98df65b3101406327ecc7d53fbf12", size = 7484, upload-time = "2025-10-18T21:55:41.639Z" },
]

[[package]]
name = "jinja2"
version = "3.1.6"
source = { registry = "https://pypi.org/simple" }
dependencies = [
    { name = "markupsafe" },
]
sdist = { url = "https://files.pythonhosted.org/packages/df/bf/f7da0350254c0ed7c72f3e33cef02e048281fec7ecec5f032d4aac52226b/jinja2-3.1.6.tar.gz", hash = "sha256:0137fb05990d35f1275a587e9aee6d56da821fc83491a0fb838183be43f66d6d", size = 245115, upload-time = "2025-03-05T20:05:02.478Z" }
wheels = [
    { url = "https://files.pythonhosted.org/packages/62/a1/3d680cbfd5f4b8f15abc1d571870c5fc3e594bb582bc3b64ea099db13e56/jinja2-3.1.6-py3-none-any.whl", hash = "sha256:85ece4451f492d0c13c5dd7c13a64681a86afae63a5f347908daf103ce6d2f67", size = 134899, upload-time = "2025-03-05T20:05:00.369Z" },
]

[[package]]
name = "markdown-it-py"
version = "4.0.0"
source = { registry = "https://pypi.org/simple" }
dependencies = [
    { name = "mdurl" },
]
sdist = { url = "https://files.pythonhosted.org/packages/5b/f5/4ec618ed16cc4f8fb3b701563655a69816155e79e24a17b651541804721d/markdown_it_py-4.0.0.tar.gz", hash = "sha256:cb0a2b4aa34f932c007117b194e945bd74e0ec24133ceb5bac59009cda1cb9f3", size = 73070, upload-time = "2025-08-11T12:57:52.854Z" }
wheels = [
    { url = "https://files.pythonhosted.org/packages/94/54/e7d793b573f298e1c9013b8c4dade17d481164aa517d1d7148619c2cedbf/markdown_it_py-4.0.0-py3-none-any.whl", hash = "sha256:87327c59b172c5011896038353a81343b6754500a08cd7a4973bb48c6d578147", size = 87321, upload-time = "2025-08-11T12:57:51.923Z" },
]

[[package]]
name = "markupsafe"
version = "3.0.3"
source = { registry = "https://pypi.org/simple" }
sdist = { url = "https://files.pythonhosted.org/packages/7e/99/7690b6d4034fffd95959cbe0c02de8deb3098cc577c67bb6a24fe5d7caa7/markupsafe-3.0.3.tar.gz", hash = "sha256:722695808f4b6457b320fdc131280796bdceb04ab50fe1795cd540799ebe1698", size = 80313, upload-time = "2025-09-27T18:37:40.426Z" }
wheels = [
    { url = "https://files.pythonhosted.org/packages/38/2f/907b9c7bbba283e68f20259574b13d005c121a0fa4c175f9bed27c4597ff/markupsafe-3.0.3-cp313-cp313-macosx_10_13_x86_64.whl", hash = "sha256:e1cf1972137e83c5d4c136c43ced9ac51d0e124706ee1c8aa8532c1287fa8795", size = 11622, upload-time = "2025-09-27T18:36:41.777Z" },
    { url = "https://files.pythonhosted.org/packages/9c/d9/5f7756922cdd676869eca1c4e3c0cd0df60ed30199ffd775e319089cb3ed/markupsafe-3.0.3-cp313-cp313-macosx_11_0_arm64.whl", hash = "sha256:116bb52f642a37c115f517494ea5feb03889e04df47eeff5b130b1808ce7c219", size = 12029, upload-time = "2025-09-27T18:36:43.257Z" },
    { url = "https://files.pythonhosted.org/packages/e4/d7/e05cd7efe43a88a17a37b3ae96e79a19e846f3f456fe79c57ca61356ef01/markupsafe-3.0.3-cp313-cp313t-macosx_10_13_x86_64.whl", hash = "sha256:218551f6df4868a8d527e3062d0fb968682fe92054e89978594c28e642c43a73", size = 11658, upload-time = "2025-09-27T18:36:54.819Z" },
    { url = "https://files.pythonhosted.org/packages/99/9e/e412117548182ce2148bdeacdda3bb494260c0b0184360fe0d56389b523b/markupsafe-3.0.3-cp313-cp313t-macosx_11_0_arm64.whl", hash = "sha256:3524b778fe5cfb3452a09d31e7b5adefeea8c5be1d43c4f810ba09f2ceb29d37", size = 12066, upload-time = "2025-09-27T18:36:55.714Z" },
]

[[package]]
name = "mdurl"
version = "0.1.2"
source = { registry = "https://pypi.org/simple" }
sdist = { url = "https://files.pythonhosted.org/packages/d6/54/cfe61301667036ec958cb99bd3efefba235e65cdeb9c84d24a8293ba1d90/mdurl-0.1.2.tar.gz", hash = "sha256:bb413d29f5eea38f31dd4754dd7377d4465116fb207585f97bf925588687c1ba", size = 8729, upload-time = "2022-08-14T12:40:10.846Z" }
wheels = [
    { url = "https://files.pythonhosted.org/packages/b3/38/89ba8ad64ae25be8de66a6d463314cf1eb366222074cfda9ee839c56a4b4/mdurl-0.1.2-py3-none-any.whl", hash = "sha256:84008a41e51615a49fc9966191ff91509e3c40b939176e643fd50a5c2196b8f8", size = 9979, upload-time = "2022-08-14T12:40:09.779Z" },
]

[[package]]
name = "mlx"
version = "0.31.0"
source = { registry = "https://pypi.org/simple" }
dependencies = [
    { name = "mlx-metal", marker = "sys_platform == 'darwin'" },
]
wheels = [
    { url = "https://files.pythonhosted.org/packages/4a/09/35d1192cf1f655438213d8baa2264a8bc2426b44d93802dabfc177fd8e81/mlx-0.31.0-cp313-cp313-macosx_14_0_arm64.whl", hash = "sha256:4f33e9aafc6d3ad29e72743dfb786c4ce67397414f0a091469058626381fc1bc", size = 575815, upload-time = "2026-02-27T23:49:34.607Z" },
    { url = "https://files.pythonhosted.org/packages/59/9d/29e0cb154a31ed05c9d24c776513bf1ec506b8570e214b4563b55bb19ef6/mlx-0.31.0-cp313-cp313-macosx_15_0_arm64.whl", hash = "sha256:242806b8ad6a4d3ce86cdff513f86520552de7592786712770b2e1ebd178816a", size = 575821, upload-time = "2026-02-27T23:49:35.947Z" },
    { url = "https://files.pythonhosted.org/packages/5f/6c/437aefdca17216aab02d0fb7528cd63e2c3d8d9c1b079c07d579a770645f/mlx-0.31.0-cp313-cp313-macosx_26_0_arm64.whl", hash = "sha256:7f0bdbac084017820ce513a12318771a06c7ec10fad159839e27c998bc5dad89", size = 575810, upload-time = "2026-02-27T23:49:37.165Z" },
]

[[package]]
name = "mlx-lm"
version = "0.31.0"
source = { registry = "https://pypi.org/simple" }
dependencies = [
    { name = "jinja2" },
    { name = "mlx", marker = "sys_platform == 'darwin'" },
    { name = "numpy" },
    { name = "protobuf" },
    { name = "pyyaml" },
    { name = "sentencepiece" },
    { name = "transformers" },
]
sdist = { url = "https://files.pythonhosted.org/packages/9e/8b/4bec3e9c70ccbeac5d9af81f492ef36b98dc7dabb6a7a9d343fe407b7e40/mlx_lm-0.31.0.tar.gz", hash = "sha256:9c8922ecc934a531649548439f99fba48b274611235bc05498daca3ced4f1250", size = 284105, upload-time = "2026-03-07T03:49:29.759Z" }
wheels = [
    { url = "https://files.pythonhosted.org/packages/20/a3/7ec46abe6a0ee519d28bb676aede49a68c70bd1db6c05a7a480d018079cb/mlx_lm-0.31.0-py3-none-any.whl", hash = "sha256:112a2f18bfc95bd8bb0517f9f7cee00262f54fe0f18ed36d9b0fc2059c4a91bc", size = 393259, upload-time = "2026-03-07T03:49:27.909Z" },
]

[[package]]
name = "mlx-metal"
version = "0.31.0"
source = { registry = "https://pypi.org/simple" }
wheels = [
    { url = "https://files.pythonhosted.org/packages/94/4f/0a0671dfa62b59bf429edab0e2c9c7f9bc77865aa4218cd46f2f41d7d11a/mlx_metal-0.31.0-py3-none-macosx_14_0_arm64.whl", hash = "sha256:1c572a6e3634a63060c103b0c38ac309e2d217be15519e3d8f0d6b452bb015f5", size = 38596752, upload-time = "2026-02-27T23:29:39.52Z" },
    { url = "https://files.pythonhosted.org/packages/8d/42/c6d7bfd097b777f932d6cf8c79e41b565070b63cc452a069b8804e505140/mlx_metal-0.31.0-py3-none-macosx_15_0_arm64.whl", hash = "sha256:554dc7cb29e0ea5fb6941df42f11a1de385b095848e6183c7a99d7c1f1a11f5d", size = 38595434, upload-time = "2026-02-27T23:29:43.285Z" },
    { url = "https://files.pythonhosted.org/packages/ed/8f/cdaffd759b4c71e74c294e773daacad8aafabac103b93e0aa56d4468d279/mlx_metal-0.31.0-py3-none-macosx_26_0_arm64.whl", hash = "sha256:7fd412f55ddf9f1d90c2cd86ce281d19e8eb93d093c6dbd784a49f8bd7d0a22c", size = 47879607, upload-time = "2026-02-27T23:29:46.571Z" },
]

[[package]]
name = "numpy"
version = "2.4.3"
source = { registry = "https://pypi.org/simple" }
sdist = { url = "https://files.pythonhosted.org/packages/10/8b/c265f4823726ab832de836cdd184d0986dcf94480f81e8739692a7ac7af2/numpy-2.4.3.tar.gz", hash = "sha256:483a201202b73495f00dbc83796c6ae63137a9bdade074f7648b3e32613412dd", size = 20727743, upload-time = "2026-03-09T07:58:53.426Z" }
wheels = [
    { url = "https://files.pythonhosted.org/packages/b6/d0/1fe47a98ce0df229238b77611340aff92d52691bcbc10583303181abf7fc/numpy-2.4.3-cp313-cp313-macosx_10_13_x86_64.whl", hash = "sha256:b346845443716c8e542d54112966383b448f4a3ba5c66409771b8c0889485dd3", size = 16665297, upload-time = "2026-03-09T07:56:52.296Z" },
    { url = "https://files.pythonhosted.org/packages/27/d9/4e7c3f0e68dfa91f21c6fb6cf839bc829ec920688b1ce7ec722b1a6202fb/numpy-2.4.3-cp313-cp313-macosx_11_0_arm64.whl", hash = "sha256:2629289168f4897a3c4e23dc98d6f1731f0fc0fe52fb9db19f974041e4cc12b9", size = 14691853, upload-time = "2026-03-09T07:56:54.992Z" },
    { url = "https://files.pythonhosted.org/packages/3a/66/bd096b13a87549683812b53ab211e6d413497f84e794fb3c39191948da97/numpy-2.4.3-cp313-cp313-macosx_14_0_arm64.whl", hash = "sha256:bb2e3cf95854233799013779216c57e153c1ee67a0bf92138acca0e429aefaee", size = 5198435, upload-time = "2026-03-09T07:56:57.184Z" },
    { url = "https://files.pythonhosted.org/packages/a2/2f/687722910b5a5601de2135c891108f51dfc873d8e43c8ed9f4ebb440b4a2/numpy-2.4.3-cp313-cp313-macosx_14_0_x86_64.whl", hash = "sha256:7f3408ff897f8ab07a07fbe2823d7aee6ff644c097cc1f90382511fe982f647f", size = 6546347, upload-time = "2026-03-09T07:56:59.531Z" },
    { url = "https://files.pythonhosted.org/packages/62/09/d96b02a91d09e9d97862f4fc8bfebf5400f567d8eb1fe4b0cc4795679c15/numpy-2.4.3-cp313-cp313t-macosx_11_0_arm64.whl", hash = "sha256:7aa4e54f6469300ebca1d9eb80acd5253cdfa36f2c03d79a35883687da430875", size = 14819570, upload-time = "2026-03-09T07:57:18.564Z" },
    { url = "https://files.pythonhosted.org/packages/b5/ca/0b1aba3905fdfa3373d523b2b15b19029f4f3031c87f4066bd9d20ef6c6b/numpy-2.4.3-cp313-cp313t-macosx_14_0_arm64.whl", hash = "sha256:d1b90d840b25874cf5cd20c219af10bac3667db3876d9a495609273ebe679070", size = 5326113, upload-time = "2026-03-09T07:57:21.052Z" },
    { url = "https://files.pythonhosted.org/packages/c0/63/406e0fd32fcaeb94180fd6a4c41e55736d676c54346b7efbce548b94a914/numpy-2.4.3-cp313-cp313t-macosx_14_0_x86_64.whl", hash = "sha256:a749547700de0a20a6718293396ec237bb38218049cfce788e08fcb716e8cf73", size = 6646370, upload-time = "2026-03-09T07:57:22.804Z" },
]

[[package]]
name = "packaging"
version = "26.0"
source = { registry = "https://pypi.org/simple" }
sdist = { url = "https://files.pythonhosted.org/packages/65/ee/299d360cdc32edc7d2cf530f3accf79c4fca01e96ffc950d8a52213bd8e4/packaging-26.0.tar.gz", hash = "sha256:00243ae351a257117b6a241061796684b084ed1c516a08c48a3f7e147a9d80b4", size = 143416, upload-time = "2026-01-21T20:50:39.064Z" }
wheels = [
    { url = "https://files.pythonhosted.org/packages/b7/b9/c538f279a4e237a006a2c98387d081e9eb060d203d8ed34467cc0f0b9b53/packaging-26.0-py3-none-any.whl", hash = "sha256:b36f1fef9334a5588b4166f8bcd26a14e521f2b55e6b9de3aaa80d3ff7a37529", size = 74366, upload-time = "2026-01-21T20:50:37.788Z" },
]

[[package]]
name = "pluggy"
version = "1.6.0"
source = { registry = "https://pypi.org/simple" }
sdist = { url = "https://files.pythonhosted.org/packages/f9/e2/3e91f31a7d2b083fe6ef3fa267035b518369d9511ffab804f839851d2779/pluggy-1.6.0.tar.gz", hash = "sha256:7dcc130b76258d33b90f61b658791dede3486c3e6bfb003ee5c9bfb396dd22f3", size = 69412, upload-time = "2025-05-15T12:30:07.975Z" }
wheels = [
    { url = "https://files.pythonhosted.org/packages/54/20/4d324d65cc6d9205fabedc306948156824eb9f0ee1633355a8f7ec5c66bf/pluggy-1.6.0-py3-none-any.whl", hash = "sha256:e920276dd6813095e9377c0bc5566d94c932c33b27a3e3945d8389c374dd4746", size = 20538, upload-time = "2025-05-15T12:30:06.134Z" },
]

[[package]]
name = "protobuf"
version = "7.34.0"
source = { registry = "https://pypi.org/simple" }
sdist = { url = "https://files.pythonhosted.org/packages/f2/00/04a2ab36b70a52d0356852979e08b44edde0435f2115dc66e25f2100f3ab/protobuf-7.34.0.tar.gz", hash = "sha256:3871a3df67c710aaf7bb8d214cc997342e63ceebd940c8c7fc65c9b3d697591a", size = 454726, upload-time = "2026-02-27T00:30:25.421Z" }
wheels = [
    { url = "https://files.pythonhosted.org/packages/13/c4/6322ab5c8f279c4c358bc14eb8aefc0550b97222a39f04eb3c1af7a830fa/protobuf-7.34.0-cp310-abi3-macosx_10_9_universal2.whl", hash = "sha256:8e329966799f2c271d5e05e236459fe1cbfdb8755aaa3b0914fa60947ddea408", size = 429248, upload-time = "2026-02-27T00:30:14.924Z" },
    { url = "https://files.pythonhosted.org/packages/a4/e7/14dc9366696dcb53a413449881743426ed289d687bcf3d5aee4726c32ebb/protobuf-7.34.0-py3-none-any.whl", hash = "sha256:e3b914dd77fa33fa06ab2baa97937746ab25695f389869afdf03e81f34e45dc7", size = 170716, upload-time = "2026-02-27T00:30:23.994Z" },
]

[[package]]
name = "pygments"
version = "2.19.2"
source = { registry = "https://pypi.org/simple" }
sdist = { url = "https://files.pythonhosted.org/packages/b0/77/a5b8c569bf593b0140bde72ea885a803b82086995367bf2037de0159d924/pygments-2.19.2.tar.gz", hash = "sha256:636cb2477cec7f8952536970bc533bc43743542f70392ae026374600add5b887", size = 4968631, upload-time = "2025-06-21T13:39:12.283Z" }
wheels = [
    { url = "https://files.pythonhosted.org/packages/c7/21/705964c7812476f378728bdf590ca4b771ec72385c533964653c68e86bdc/pygments-2.19.2-py3-none-any.whl", hash = "sha256:86540386c03d588bb81d44bc3928634ff26449851e99741617ecb9037ee5ec0b", size = 1225217, upload-time = "2025-06-21T13:39:07.939Z" },
]

[[package]]
name = "pytest"
version = "9.0.2"
source = { registry = "https://pypi.org/simple" }
dependencies = [
    { name = "colorama", marker = "sys_platform == 'win32'" },
    { name = "iniconfig" },
    { name = "packaging" },
    { name = "pluggy" },
    { name = "pygments" },
]
sdist = { url = "https://files.pythonhosted.org/packages/d1/db/7ef3487e0fb0049ddb5ce41d3a49c235bf9ad299b6a25d5780a89f19230f/pytest-9.0.2.tar.gz", hash = "sha256:75186651a92bd89611d1d9fc20f0b4345fd827c41ccd5c299a868a05d70edf11", size = 1568901, upload-time = "2025-12-06T21:30:51.014Z" }
wheels = [
    { url = "https://files.pythonhosted.org/packages/3b/ab/b3226f0bd7cdcf710fbede2b3548584366da3b19b5021e74f5bde2a8fa3f/pytest-9.0.2-py3-none-any.whl", hash = "sha256:711ffd45bf766d5264d487b917733b453d917afd2b0ad65223959f59089f875b", size = 374801, upload-time = "2025-12-06T21:30:49.154Z" },
]

[[package]]
name = "pyyaml"
version = "6.0.3"
source = { registry = "https://pypi.org/simple" }
sdist = { url = "https://files.pythonhosted.org/packages/05/8e/961c0007c59b8dd7729d542c61a4d537767a59645b82a0b521206e1e25c2/pyyaml-6.0.3.tar.gz", hash = "sha256:d76623373421df22fb4cf8817020cbb7ef15c725b9d5e45f17e189bfc384190f", size = 130960, upload-time = "2025-09-25T21:33:16.546Z" }
wheels = [
    { url = "https://files.pythonhosted.org/packages/d1/11/0fd08f8192109f7169db964b5707a2f1e8b745d4e239b784a5a1dd80d1db/pyyaml-6.0.3-cp313-cp313-macosx_10_13_x86_64.whl", hash = "sha256:8da9669d359f02c0b91ccc01cac4a67f16afec0dac22c2ad09f46bee0697eba8", size = 181669, upload-time = "2025-09-25T21:32:23.673Z" },
    { url = "https://files.pythonhosted.org/packages/b1/16/95309993f1d3748cd644e02e38b75d50cbc0d9561d21f390a76242ce073f/pyyaml-6.0.3-cp313-cp313-macosx_11_0_arm64.whl", hash = "sha256:2283a07e2c21a2aa78d9c4442724ec1eb15f5e42a723b99cb3d822d48f5f7ad1", size = 173252, upload-time = "2025-09-25T21:32:25.149Z" },
]

[[package]]
name = "regex"
version = "2026.2.28"
source = { registry = "https://pypi.org/simple" }
sdist = { url = "https://files.pythonhosted.org/packages/8b/71/41455aa99a5a5ac1eaf311f5d8efd9ce6433c03ac1e0962de163350d0d97/regex-2026.2.28.tar.gz", hash = "sha256:a729e47d418ea11d03469f321aaf67cdee8954cde3ff2cf8403ab87951ad10f2", size = 415184, upload-time = "2026-02-28T02:19:42.792Z" }
wheels = [
    { url = "https://files.pythonhosted.org/packages/87/f6/dc9ef48c61b79c8201585bf37fa70cd781977da86e466cd94e8e95d2443b/regex-2026.2.28-cp313-cp313-macosx_10_13_universal2.whl", hash = "sha256:6d63a07e5ec8ce7184452cb00c41c37b49e67dc4f73b2955b5b8e782ea970784", size = 489311, upload-time = "2026-02-28T02:17:22.591Z" },
    { url = "https://files.pythonhosted.org/packages/95/c8/c20390f2232d3f7956f420f4ef1852608ad57aa26c3dd78516cb9f3dc913/regex-2026.2.28-cp313-cp313-macosx_10_13_x86_64.whl", hash = "sha256:e59bc8f30414d283ae8ee1617b13d8112e7135cb92830f0ec3688cb29152585a", size = 291285, upload-time = "2026-02-28T02:17:24.355Z" },
    { url = "https://files.pythonhosted.org/packages/d2/a6/ba1068a631ebd71a230e7d8013fcd284b7c89c35f46f34a7da02082141b1/regex-2026.2.28-cp313-cp313-macosx_11_0_arm64.whl", hash = "sha256:de0cf053139f96219ccfabb4a8dd2d217c8c82cb206c91d9f109f3f552d6b43d", size = 289051, upload-time = "2026-02-28T02:17:26.722Z" },
    { url = "https://files.pythonhosted.org/packages/24/07/6c7e4cec1e585959e96cbc24299d97e4437a81173217af54f1804994e911/regex-2026.2.28-cp313-cp313t-macosx_10_13_universal2.whl", hash = "sha256:97054c55db06ab020342cc0d35d6f62a465fa7662871190175f1ad6c655c028f", size = 492541, upload-time = "2026-02-28T02:17:56.813Z" },
    { url = "https://files.pythonhosted.org/packages/7c/13/55eb22ada7f43d4f4bb3815b6132183ebc331c81bd496e2d1f3b8d862e0d/regex-2026.2.28-cp313-cp313t-macosx_10_13_x86_64.whl", hash = "sha256:0d25a10811de831c2baa6aef3c0be91622f44dd8d31dd12e69f6398efb15e48b", size = 292984, upload-time = "2026-02-28T02:17:58.538Z" },
    { url = "https://files.pythonhosted.org/packages/5b/11/c301f8cb29ce9644a5ef85104c59244e6e7e90994a0f458da4d39baa8e17/regex-2026.2.28-cp313-cp313t-macosx_11_0_arm64.whl", hash = "sha256:d6cfe798d8da41bb1862ed6e0cba14003d387c3c0c4a5d45591076ae9f0ce2f8", size = 291509, upload-time = "2026-02-28T02:18:00.208Z" },
]

[[package]]
name = "rich"
version = "14.3.3"
source = { registry = "https://pypi.org/simple" }
dependencies = [
    { name = "markdown-it-py" },
    { name = "pygments" },
]
sdist = { url = "https://files.pythonhosted.org/packages/b3/c6/f3b320c27991c46f43ee9d856302c70dc2d0fb2dba4842ff739d5f46b393/rich-14.3.3.tar.gz", hash = "sha256:b8daa0b9e4eef54dd8cf7c86c03713f53241884e814f4e2f5fb342fe520f639b", size = 230582, upload-time = "2026-02-19T17:23:12.474Z" }
wheels = [
    { url = "https://files.pythonhosted.org/packages/14/25/b208c5683343959b670dc001595f2f3737e051da617f66c31f7c4fa93abc/rich-14.3.3-py3-none-any.whl", hash = "sha256:793431c1f8619afa7d3b52b2cdec859562b950ea0d4b6b505397612db8d5362d", size = 310458, upload-time = "2026-02-19T17:23:13.732Z" },
]

[[package]]
name = "safetensors"
version = "0.7.0"
source = { registry = "https://pypi.org/simple" }
sdist = { url = "https://files.pythonhosted.org/packages/29/9c/6e74567782559a63bd040a236edca26fd71bc7ba88de2ef35d75df3bca5e/safetensors-0.7.0.tar.gz", hash = "sha256:07663963b67e8bd9f0b8ad15bb9163606cd27cc5a1b96235a50d8369803b96b0", size = 200878, upload-time = "2025-11-19T15:18:43.199Z" }
wheels = [
    { url = "https://files.pythonhosted.org/packages/fa/47/aef6c06649039accf914afef490268e1067ed82be62bcfa5b7e886ad15e8/safetensors-0.7.0-cp38-abi3-macosx_10_12_x86_64.whl", hash = "sha256:c82f4d474cf725255d9e6acf17252991c3c8aac038d6ef363a4bf8be2f6db517", size = 467781, upload-time = "2025-11-19T15:18:35.84Z" },
    { url = "https://files.pythonhosted.org/packages/e8/00/374c0c068e30cd31f1e1b46b4b5738168ec79e7689ca82ee93ddfea05109/safetensors-0.7.0-cp38-abi3-macosx_11_0_arm64.whl", hash = "sha256:94fd4858284736bb67a897a41608b5b0c2496c9bdb3bf2af1fa3409127f20d57", size = 447058, upload-time = "2025-11-19T15:18:34.416Z" },
]

[[package]]
name = "sentencepiece"
version = "0.2.1"
source = { registry = "https://pypi.org/simple" }
sdist = { url = "https://files.pythonhosted.org/packages/15/15/2e7a025fc62d764b151ae6d0f2a92f8081755ebe8d4a64099accc6f77ba6/sentencepiece-0.2.1.tar.gz", hash = "sha256:8138cec27c2f2282f4a34d9a016e3374cd40e5c6e9cb335063db66a0a3b71fad", size = 3228515, upload-time = "2025-08-12T07:00:51.718Z" }
wheels = [
    { url = "https://files.pythonhosted.org/packages/ba/4a/85fbe1706d4d04a7e826b53f327c4b80f849cf1c7b7c5e31a20a97d8f28b/sentencepiece-0.2.1-cp313-cp313-macosx_10_13_universal2.whl", hash = "sha256:dcd8161eee7b41aae57ded06272905dbd680a0a04b91edd0f64790c796b2f706", size = 1943150, upload-time = "2025-08-12T06:59:53.588Z" },
    { url = "https://files.pythonhosted.org/packages/c2/83/4cfb393e287509fc2155480b9d184706ef8d9fa8cbf5505d02a5792bf220/sentencepiece-0.2.1-cp313-cp313-macosx_10_13_x86_64.whl", hash = "sha256:c6c8f42949f419ff8c7e9960dbadcfbc982d7b5efc2f6748210d3dd53a7de062", size = 1325651, upload-time = "2025-08-12T06:59:55.073Z" },
    { url = "https://files.pythonhosted.org/packages/8d/de/5a007fb53b1ab0aafc69d11a5a3dd72a289d5a3e78dcf2c3a3d9b14ffe93/sentencepiece-0.2.1-cp313-cp313-macosx_11_0_arm64.whl", hash = "sha256:097f3394e99456e9e4efba1737c3749d7e23563dd1588ce71a3d007f25475fff", size = 1253641, upload-time = "2025-08-12T06:59:56.562Z" },
    { url = "https://files.pythonhosted.org/packages/4a/b6/08fe2ce819e02ccb0296f4843e3f195764ce9829cbda61b7513f29b95718/sentencepiece-0.2.1-cp313-cp313t-macosx_10_13_universal2.whl", hash = "sha256:8dd4b477a7b069648d19363aad0cab9bad2f4e83b2d179be668efa672500dc94", size = 1946052, upload-time = "2025-08-12T07:00:08.136Z" },
    { url = "https://files.pythonhosted.org/packages/ab/d9/1ea0e740591ff4c6fc2b6eb1d7510d02f3fb885093f19b2f3abd1363b402/sentencepiece-0.2.1-cp313-cp313t-macosx_10_13_x86_64.whl", hash = "sha256:0c0f672da370cc490e4c59d89e12289778310a0e71d176c541e4834759e1ae07", size = 1327408, upload-time = "2025-08-12T07:00:09.572Z" },
    { url = "https://files.pythonhosted.org/packages/99/7e/1fb26e8a21613f6200e1ab88824d5d203714162cf2883248b517deb500b7/sentencepiece-0.2.1-cp313-cp313t-macosx_11_0_arm64.whl", hash = "sha256:ad8493bea8432dae8d6830365352350f3b4144415a1d09c4c8cb8d30cf3b6c3c", size = 1254857, upload-time = "2025-08-12T07:00:11.021Z" },
]

[[package]]
name = "shellingham"
version = "1.5.4"
source = { registry = "https://pypi.org/simple" }
sdist = { url = "https://files.pythonhosted.org/packages/58/15/8b3609fd3830ef7b27b655beb4b4e9c62313a4e8da8c676e142cc210d58e/shellingham-1.5.4.tar.gz", hash = "sha256:8dbca0739d487e5bd35ab3ca4b36e11c4078f3a234bfce294b0a0291363404de", size = 10310, upload-time = "2023-10-24T04:13:40.426Z" }
wheels = [
    { url = "https://files.pythonhosted.org/packages/e0/f9/0595336914c5619e5f28a1fb793285925a8cd4b432c9da0a987836c7f822/shellingham-1.5.4-py2.py3-none-any.whl", hash = "sha256:7ecfff8f2fd72616f7481040475a65b2bf8af90a56c89140852d1120324e8686", size = 9755, upload-time = "2023-10-24T04:13:38.866Z" },
]

[[package]]
name = "tokenizers"
version = "0.22.2"
source = { registry = "https://pypi.org/simple" }
dependencies = [
    { name = "huggingface-hub" },
]
sdist = { url = "https://files.pythonhosted.org/packages/73/6f/f80cfef4a312e1fb34baf7d85c72d4411afde10978d4657f8cdd811d3ccc/tokenizers-0.22.2.tar.gz", hash = "sha256:473b83b915e547aa366d1eee11806deaf419e17be16310ac0a14077f1e28f917", size = 372115, upload-time = "2026-01-05T10:45:15.988Z" }
wheels = [
    { url = "https://files.pythonhosted.org/packages/92/97/5dbfabf04c7e348e655e907ed27913e03db0923abb5dfdd120d7b25630e1/tokenizers-0.22.2-cp39-abi3-macosx_10_12_x86_64.whl", hash = "sha256:544dd704ae7238755d790de45ba8da072e9af3eea688f698b137915ae959281c", size = 3100275, upload-time = "2026-01-05T10:41:02.158Z" },
    { url = "https://files.pythonhosted.org/packages/2e/47/174dca0502ef88b28f1c9e06b73ce33500eedfac7a7692108aec220464e7/tokenizers-0.22.2-cp39-abi3-macosx_11_0_arm64.whl", hash = "sha256:1e418a55456beedca4621dbab65a318981467a2b188e982a23e117f115ce5001", size = 2981472, upload-time = "2026-01-05T10:41:00.276Z" },
]

[[package]]
name = "tqdm"
version = "4.67.3"
source = { registry = "https://pypi.org/simple" }
dependencies = [
    { name = "colorama", marker = "sys_platform == 'win32'" },
]
sdist = { url = "https://files.pythonhosted.org/packages/09/a9/6ba95a270c6f1fbcd8dac228323f2777d886cb206987444e4bce66338dd4/tqdm-4.67.3.tar.gz", hash = "sha256:7d825f03f89244ef73f1d4ce193cb1774a8179fd96f31d7e1dcde62092b960bb", size = 169598, upload-time = "2026-02-03T17:35:53.048Z" }
wheels = [
    { url = "https://files.pythonhosted.org/packages/16/e1/3079a9ff9b8e11b846c6ac5c8b5bfb7ff225eee721825310c91b3b50304f/tqdm-4.67.3-py3-none-any.whl", hash = "sha256:ee1e4c0e59148062281c49d80b25b67771a127c85fc9676d3be5f243206826bf", size = 78374, upload-time = "2026-02-03T17:35:50.982Z" },
]

[[package]]
name = "transformers"
version = "5.3.0"
source = { registry = "https://pypi.org/simple" }
dependencies = [
    { name = "huggingface-hub" },
    { name = "numpy" },
    { name = "packaging" },
    { name = "pyyaml" },
    { name = "regex" },
    { name = "safetensors" },
    { name = "tokenizers" },
    { name = "tqdm" },
    { name = "typer" },
]
sdist = { url = "https://files.pythonhosted.org/packages/fc/1a/70e830d53ecc96ce69cfa8de38f163712d2b43ac52fbd743f39f56025c31/transformers-5.3.0.tar.gz", hash = "sha256:009555b364029da9e2946d41f1c5de9f15e6b1df46b189b7293f33a161b9c557", size = 8830831, upload-time = "2026-03-04T17:41:46.119Z" }
wheels = [
    { url = "https://files.pythonhosted.org/packages/b8/88/ae8320064e32679a5429a2c9ebbc05c2bf32cefb6e076f9b07f6d685a9b4/transformers-5.3.0-py3-none-any.whl", hash = "sha256:50ac8c89c3c7033444fb3f9f53138096b997ebb70d4b5e50a2e810bf12d3d29a", size = 10661827, upload-time = "2026-03-04T17:41:42.722Z" },
]

[[package]]
name = "typer"
version = "0.24.1"
source = { registry = "https://pypi.org/simple" }
dependencies = [
    { name = "annotated-doc" },
    { name = "click" },
    { name = "rich" },
    { name = "shellingham" },
]
sdist = { url = "https://files.pythonhosted.org/packages/f5/24/cb09efec5cc954f7f9b930bf8279447d24618bb6758d4f6adf2574c41780/typer-0.24.1.tar.gz", hash = "sha256:e39b4732d65fbdcde189ae76cf7cd48aeae72919dea1fdfc16593be016256b45", size = 118613, upload-time = "2026-02-21T16:54:40.609Z" }
wheels = [
    { url = "https://files.pythonhosted.org/packages/4a/91/48db081e7a63bb37284f9fbcefda7c44c277b18b0e13fbc36ea2335b71e6/typer-0.24.1-py3-none-any.whl", hash = "sha256:112c1f0ce578bfb4cab9ffdabc68f031416ebcc216536611ba21f04e9aa84c9e", size = 56085, upload-time = "2026-02-21T16:54:41.616Z" },
]

[[package]]
name = "typing-extensions"
version = "4.15.0"
source = { registry = "https://pypi.org/simple" }
sdist = { url = "https://files.pythonhosted.org/packages/72/94/1a15dd82efb362ac84269196e94cf00f187f7ed21c242792a923cdb1c61f/typing_extensions-4.15.0.tar.gz", hash = "sha256:0cea48d173cc12fa28ecabc3b837ea3cf6f38c6d1136f85cbaaf598984861466", size = 109391, upload-time = "2025-08-25T13:49:26.313Z" }
wheels = [
    { url = "https://files.pythonhosted.org/packages/18/67/36e9267722cc04a6b9f15c7f3441c2363321a3ea07da7ae0c0707beb2a9c/typing_extensions-4.15.0-py3-none-any.whl", hash = "sha256:f0fa19c6845758ab08074a0cfa8b7aecb71c999ca73d62883bc25cc018c4e548", size = 44614, upload-time = "2025-08-25T13:49:24.86Z" },
]
